
Microsoft Visual Studio Solution File, Format Version 12.00
# Visual Studio Version 16
VisualStudioVersion = 16.0.30804.86
MinimumVisualStudioVersion = 10.0.40219.1
Project("{A4C4442E-2388-4B00-B58B-6F9B87F5FBB6}") = "SimpleTextingApiTester", "SimpleTextingApiTester\SimpleTextingApiTester.csproj", "{4195FC20-E1CE-4A54-B135-6F2586DB52EA}"
EndProject
Project("{A4C4442E-2388-4B00-B58B-6F9B87F5FBB6}") = "SimpleTextingDotNet", "SimpleTextingDotNet\SimpleTextingDotNet.csproj", "{F7A1F3E9-36FD-4DCB-A80A-74A51044B210}"
EndProject
Global
	GlobalSection(SolutionConfigurationPlatforms) = preSolution
		Debug|Any CPU = Debug|Any CPU
		Release|Any CPU = Release|Any CPU
	EndGlobalSection
	GlobalSection(ProjectConfigurationPlatforms) = postSolution
		{4195FC20-E1CE-4A54-B135-6F2586DB52EA}.Debug|Any CPU.ActiveCfg = Debug|Any CPU
		{4195FC20-E1CE-4A54-B135-6F2586DB52EA}.Debug|Any CPU.Build.0 = Debug|Any CPU
		{4195FC20-E1CE-4A54-B135-6F2586DB52EA}.Release|Any CPU.ActiveCfg = Release|Any CPU
		{4195FC20-E1CE-4A54-B135-6F2586DB52EA}.Release|Any CPU.Build.0 = Release|Any CPU
		{F7A1F3E9-36FD-4DCB-A80A-74A51044B210}.Debug|Any CPU.ActiveCfg = Debug|Any CPU
		{F7A1F3E9-36FD-4DCB-A80A-74A51044B210}.Debug|Any CPU.Build.0 = Debug|Any CPU
		{F7A1F3E9-36FD-4DCB-A80A-74A51044B210}.Release|Any CPU.ActiveCfg = Release|Any CPU
		{F7A1F3E9-36FD-4DCB-A80A-74A51044B210}.Release|Any CPU.Build.0 = Release|Any CPU
	EndGlobalSection
	GlobalSection(SolutionProperties) = preSolution
		HideSolutionNode = FALSE
	EndGlobalSection
	GlobalSection(ExtensibilityGlobals) = postSolution
		SolutionGuid = {A88F5F22-2B76-4490-9A12-F54D563E0736}
	EndGlobalSection
EndGlobal
